
Microsoft Visual Studio Solution File, Format Version 12.00
# Visual Studio Version 17
VisualStudioVersion = 17.5.33530.505
MinimumVisualStudioVersion = 10.0.40219.1
Project("{9A19103F-16F7-4668-BE54-9A1E7A4F7556}") = "GreenHouse.WebApi", "backend\GreenHouse.WebApi\GreenHouse.WebApi.csproj", "{74F2123E-E483-40B5-A107-419894A04824}"
EndProject
Project("{2150E333-8FDC-42A3-9474-1A3956D46DE8}") = "backend", "backend", "{513007D8-39E9-4DA5-863F-FDE408C69D18}"
EndProject
Project("{2150E333-8FDC-42A3-9474-1A3956D46DE8}") = "frontend", "frontend", "{D5C94A3D-05F4-4B7E-8092-F9EE98ADF7B7}"
EndProject
Project("{2150E333-8FDC-42A3-9474-1A3956D46DE8}") = "shared", "shared", "{4987FEBF-470B-41DE-AA87-F205ADE7FFE7}"
EndProject
Project("{2150E333-8FDC-42A3-9474-1A3956D46DE8}") = "infrastructure", "infrastructure", "{EDA51615-2A11-41AA-A0C6-14200757F695}"
EndProject
Project("{9A19103F-16F7-4668-BE54-9A1E7A4F7556}") = "GreenHouse.Domain", "backend\GreenHouse.Domain\GreenHouse.Domain.csproj", "{E9F03D6C-9AD2-47EE-AF21-85416E75FBAA}"
EndProject
Project("{9A19103F-16F7-4668-BE54-9A1E7A4F7556}") = "GreenHouse.HttpModels", "shared\GreenHouse.HttpModels\GreenHouse.HttpModels.csproj", "{807EFE20-F1AB-4B7E-8CA1-7F5B7E95AB12}"
EndProject
Project("{9A19103F-16F7-4668-BE54-9A1E7A4F7556}") = "IdentityPasswordHasherLib", "backend\infrastructure\IdentityPasswordHasherLib\IdentityPasswordHasherLib.csproj", "{5BD981F3-0545-4FF0-8F85-3596FB495FBE}"
EndProject
Project("{9A19103F-16F7-4668-BE54-9A1E7A4F7556}") = "GreenHouse.Data.EntityFramework", "backend\infrastructure\GreenHouse.Data.EntityFramework\GreenHouse.Data.EntityFramework.csproj", "{41034A72-99AF-45B6-A9E7-6A8446ED075B}"
EndProject
Project("{9A19103F-16F7-4668-BE54-9A1E7A4F7556}") = "GreenHouse.WebUserClient", "frontend\GreenHouse.WebUserClient\GreenHouse.WebUserClient.csproj", "{CF37D76A-5484-4689-AA80-F2D3CE5E84E9}"
EndProject
Project("{9A19103F-16F7-4668-BE54-9A1E7A4F7556}") = "GreenHouse.HttpApiClient", "frontend\GreenHouse.HttpClient\GreenHouse.HttpApiClient.csproj", "{F0EBE8FF-81FA-4850-8182-B56EB6D8DFD8}"
EndProject
Project("{9A19103F-16F7-4668-BE54-9A1E7A4F7556}") = "GreenHouse.WebAdminClient", "frontend\GreenHouse.WebAdminClient\GreenHouse.WebAdminClient.csproj", "{CFB0E434-56CC-44E7-A585-AA1A07243009}"
EndProject
Project("{9A19103F-16F7-4668-BE54-9A1E7A4F7556}") = "GreenHouse.AdminWebHosting", "backend\GreenHouse.AdminWebHosting\GreenHouse.AdminWebHosting.csproj", "{2E0C0B5E-6B4E-4C8A-9679-02F6DDE75728}"
EndProject
Project("{9A19103F-16F7-4668-BE54-9A1E7A4F7556}") = "GreenHouse.UserWebHosting", "backend\GreenHouse.UserWebHosting\GreenHouse.UserWebHosting.csproj", "{E5000058-88A5-4A5F-8052-C1A441C79C41}"
EndProject
Global
	GlobalSection(SolutionConfigurationPlatforms) = preSolution
		Debug|Any CPU = Debug|Any CPU
		Release|Any CPU = Release|Any CPU
	EndGlobalSection
	GlobalSection(ProjectConfigurationPlatforms) = postSolution
		{74F2123E-E483-40B5-A107-419894A04824}.Debug|Any CPU.ActiveCfg = Debug|Any CPU
		{74F2123E-E483-40B5-A107-419894A04824}.Debug|Any CPU.Build.0 = Debug|Any CPU
		{74F2123E-E483-40B5-A107-419894A04824}.Release|Any CPU.ActiveCfg = Release|Any CPU
		{74F2123E-E483-40B5-A107-419894A04824}.Release|Any CPU.Build.0 = Release|Any CPU
		{E9F03D6C-9AD2-47EE-AF21-85416E75FBAA}.Debug|Any CPU.ActiveCfg = Debug|Any CPU
		{E9F03D6C-9AD2-47EE-AF21-85416E75FBAA}.Debug|Any CPU.Build.0 = Debug|Any CPU
		{E9F03D6C-9AD2-47EE-AF21-85416E75FBAA}.Release|Any CPU.ActiveCfg = Release|Any CPU
		{E9F03D6C-9AD2-47EE-AF21-85416E75FBAA}.Release|Any CPU.Build.0 = Release|Any CPU
		{807EFE20-F1AB-4B7E-8CA1-7F5B7E95AB12}.Debug|Any CPU.ActiveCfg = Debug|Any CPU
		{807EFE20-F1AB-4B7E-8CA1-7F5B7E95AB12}.Debug|Any CPU.Build.0 = Debug|Any CPU
		{807EFE20-F1AB-4B7E-8CA1-7F5B7E95AB12}.Release|Any CPU.ActiveCfg = Release|Any CPU
		{807EFE20-F1AB-4B7E-8CA1-7F5B7E95AB12}.Release|Any CPU.Build.0 = Release|Any CPU
		{5BD981F3-0545-4FF0-8F85-3596FB495FBE}.Debug|Any CPU.ActiveCfg = Debug|Any CPU
		{5BD981F3-0545-4FF0-8F85-3596FB495FBE}.Debug|Any CPU.Build.0 = Debug|Any CPU
		{5BD981F3-0545-4FF0-8F85-3596FB495FBE}.Release|Any CPU.ActiveCfg = Release|Any CPU
		{5BD981F3-0545-4FF0-8F85-3596FB495FBE}.Release|Any CPU.Build.0 = Release|Any CPU
		{41034A72-99AF-45B6-A9E7-6A8446ED075B}.Debug|Any CPU.ActiveCfg = Debug|Any CPU
		{41034A72-99AF-45B6-A9E7-6A8446ED075B}.Debug|Any CPU.Build.0 = Debug|Any CPU
		{41034A72-99AF-45B6-A9E7-6A8446ED075B}.Release|Any CPU.ActiveCfg = Release|Any CPU
		{41034A72-99AF-45B6-A9E7-6A8446ED075B}.Release|Any CPU.Build.0 = Release|Any CPU
		{CF37D76A-5484-4689-AA80-F2D3CE5E84E9}.Debug|Any CPU.ActiveCfg = Debug|Any CPU
		{CF37D76A-5484-4689-AA80-F2D3CE5E84E9}.Debug|Any CPU.Build.0 = Debug|Any CPU
		{CF37D76A-5484-4689-AA80-F2D3CE5E84E9}.Release|Any CPU.ActiveCfg = Release|Any CPU
		{CF37D76A-5484-4689-AA80-F2D3CE5E84E9}.Release|Any CPU.Build.0 = Release|Any CPU
		{F0EBE8FF-81FA-4850-8182-B56EB6D8DFD8}.Debug|Any CPU.ActiveCfg = Debug|Any CPU
		{F0EBE8FF-81FA-4850-8182-B56EB6D8DFD8}.Debug|Any CPU.Build.0 = Debug|Any CPU
		{F0EBE8FF-81FA-4850-8182-B56EB6D8DFD8}.Release|Any CPU.ActiveCfg = Release|Any CPU
		{F0EBE8FF-81FA-4850-8182-B56EB6D8DFD8}.Release|Any CPU.Build.0 = Release|Any CPU
		{CFB0E434-56CC-44E7-A585-AA1A07243009}.Debug|Any CPU.ActiveCfg = Debug|Any CPU
		{CFB0E434-56CC-44E7-A585-AA1A07243009}.Debug|Any CPU.Build.0 = Debug|Any CPU
		{CFB0E434-56CC-44E7-A585-AA1A07243009}.Release|Any CPU.ActiveCfg = Release|Any CPU
		{CFB0E434-56CC-44E7-A585-AA1A07243009}.Release|Any CPU.Build.0 = Release|Any CPU
		{2E0C0B5E-6B4E-4C8A-9679-02F6DDE75728}.Debug|Any CPU.ActiveCfg = Debug|Any CPU
		{2E0C0B5E-6B4E-4C8A-9679-02F6DDE75728}.Debug|Any CPU.Build.0 = Debug|Any CPU
		{2E0C0B5E-6B4E-4C8A-9679-02F6DDE75728}.Release|Any CPU.ActiveCfg = Release|Any CPU
		{2E0C0B5E-6B4E-4C8A-9679-02F6DDE75728}.Release|Any CPU.Build.0 = Release|Any CPU
		{E5000058-88A5-4A5F-8052-C1A441C79C41}.Debug|Any CPU.ActiveCfg = Debug|Any CPU
		{E5000058-88A5-4A5F-8052-C1A441C79C41}.Debug|Any CPU.Build.0 = Debug|Any CPU
		{E5000058-88A5-4A5F-8052-C1A441C79C41}.Release|Any CPU.ActiveCfg = Release|Any CPU
		{E5000058-88A5-4A5F-8052-C1A441C79C41}.Release|Any CPU.Build.0 = Release|Any CPU
	EndGlobalSection
	GlobalSection(SolutionProperties) = preSolution
		HideSolutionNode = FALSE
	EndGlobalSection
	GlobalSection(NestedProjects) = preSolution
		{74F2123E-E483-40B5-A107-419894A04824} = {513007D8-39E9-4DA5-863F-FDE408C69D18}
		{EDA51615-2A11-41AA-A0C6-14200757F695} = {513007D8-39E9-4DA5-863F-FDE408C69D18}
		{E9F03D6C-9AD2-47EE-AF21-85416E75FBAA} = {513007D8-39E9-4DA5-863F-FDE408C69D18}
		{807EFE20-F1AB-4B7E-8CA1-7F5B7E95AB12} = {4987FEBF-470B-41DE-AA87-F205ADE7FFE7}
		{5BD981F3-0545-4FF0-8F85-3596FB495FBE} = {EDA51615-2A11-41AA-A0C6-14200757F695}
		{41034A72-99AF-45B6-A9E7-6A8446ED075B} = {EDA51615-2A11-41AA-A0C6-14200757F695}
		{CF37D76A-5484-4689-AA80-F2D3CE5E84E9} = {D5C94A3D-05F4-4B7E-8092-F9EE98ADF7B7}
		{F0EBE8FF-81FA-4850-8182-B56EB6D8DFD8} = {D5C94A3D-05F4-4B7E-8092-F9EE98ADF7B7}
		{CFB0E434-56CC-44E7-A585-AA1A07243009} = {D5C94A3D-05F4-4B7E-8092-F9EE98ADF7B7}
		{2E0C0B5E-6B4E-4C8A-9679-02F6DDE75728} = {513007D8-39E9-4DA5-863F-FDE408C69D18}
		{E5000058-88A5-4A5F-8052-C1A441C79C41} = {513007D8-39E9-4DA5-863F-FDE408C69D18}
	EndGlobalSection
	GlobalSection(ExtensibilityGlobals) = postSolution
		SolutionGuid = {796FD543-3E22-44FD-827F-517C0E4D5FE5}
	EndGlobalSection
EndGlobal
